
Microsoft Visual Studio Solution File, Format Version 10.00
# Visual Studio 2008
Project("{F184B08F-C81C-45F6-A57F-5ABD9991F28F}") = "WoWCataclysmRedirectPatcher", "WoWCataclysmRedirectPatcher.vbproj", "{3EE4B029-BCFE-4A70-B714-6274F6033FD1}"
EndProject
Global
	GlobalSection(SolutionConfigurationPlatforms) = preSolution
		Debug|Any CPU = Debug|Any CPU
		Release|Any CPU = Release|Any CPU
	EndGlobalSection
	GlobalSection(ProjectConfigurationPlatforms) = postSolution
		{3EE4B029-BCFE-4A70-B714-6274F6033FD1}.Debug|Any CPU.ActiveCfg = Debug|Any CPU
		{3EE4B029-BCFE-4A70-B714-6274F6033FD1}.Debug|Any CPU.Build.0 = Debug|Any CPU
		{3EE4B029-BCFE-4A70-B714-6274F6033FD1}.Release|Any CPU.ActiveCfg = Release|Any CPU
		{3EE4B029-BCFE-4A70-B714-6274F6033FD1}.Release|Any CPU.Build.0 = Release|Any CPU
	EndGlobalSection
	GlobalSection(SolutionProperties) = preSolution
		HideSolutionNode = FALSE
	EndGlobalSection
EndGlobal
