
Microsoft Visual Studio Solution File, Format Version 10.00
# Visual Studio 2008
Project("{FAE04EC0-301F-11D3-BF4B-00C04F79EFBC}") = "SkyFirePatcher", "SkyFirePatcher\SkyFirePatcher.csproj", "{C7D6DDE5-522B-4A1F-8944-741A5E912F3C}"
EndProject
Global
	GlobalSection(SolutionConfigurationPlatforms) = preSolution
		Debug|Any CPU = Debug|Any CPU
		Release|Any CPU = Release|Any CPU
	EndGlobalSection
	GlobalSection(ProjectConfigurationPlatforms) = postSolution
		{C7D6DDE5-522B-4A1F-8944-741A5E912F3C}.Debug|Any CPU.ActiveCfg = Debug|Any CPU
		{C7D6DDE5-522B-4A1F-8944-741A5E912F3C}.Debug|Any CPU.Build.0 = Debug|Any CPU
		{C7D6DDE5-522B-4A1F-8944-741A5E912F3C}.Release|Any CPU.ActiveCfg = Release|Any CPU
		{C7D6DDE5-522B-4A1F-8944-741A5E912F3C}.Release|Any CPU.Build.0 = Release|Any CPU
	EndGlobalSection
	GlobalSection(SolutionProperties) = preSolution
		HideSolutionNode = FALSE
	EndGlobalSection
EndGlobal
