
Microsoft Visual Studio Solution File, Format Version 12.00
# Visual Studio 2013
VisualStudioVersion = 12.0.21126.0
MinimumVisualStudioVersion = 10.0.40219.1
Project("{FAE04EC0-301F-11D3-BF4B-00C04F79EFBC}") = "Connection Patcher", "Client Patcher\Connection Patcher.csproj", "{E97A2D8E-ADF6-4D2E-B33B-F74701094CFA}"
EndProject
Project("{FAE04EC0-301F-11D3-BF4B-00C04F79EFBC}") = "Injector", "Injector\Injector.csproj", "{1553D13D-F21A-4F3E-8014-D7D48CA2C7B3}"
EndProject
Project("{FAE04EC0-301F-11D3-BF4B-00C04F79EFBC}") = "Awps", "Awps\Awps.csproj", "{07BB5E1A-B86E-4F3D-BB90-B2352001A646}"
EndProject
Global
	GlobalSection(SolutionConfigurationPlatforms) = preSolution
		Debug|x64 = Debug|x64
		Debug|x86 = Debug|x86
		Release|x64 = Release|x64
		Release|x86 = Release|x86
	EndGlobalSection
	GlobalSection(ProjectConfigurationPlatforms) = postSolution
		{E97A2D8E-ADF6-4D2E-B33B-F74701094CFA}.Debug|x64.ActiveCfg = Debug|x64
		{E97A2D8E-ADF6-4D2E-B33B-F74701094CFA}.Debug|x64.Build.0 = Debug|x64
		{E97A2D8E-ADF6-4D2E-B33B-F74701094CFA}.Debug|x86.ActiveCfg = Debug|x86
		{E97A2D8E-ADF6-4D2E-B33B-F74701094CFA}.Debug|x86.Build.0 = Debug|x86
		{E97A2D8E-ADF6-4D2E-B33B-F74701094CFA}.Release|x64.ActiveCfg = Release|x64
		{E97A2D8E-ADF6-4D2E-B33B-F74701094CFA}.Release|x64.Build.0 = Release|x64
		{E97A2D8E-ADF6-4D2E-B33B-F74701094CFA}.Release|x86.ActiveCfg = Release|x86
		{E97A2D8E-ADF6-4D2E-B33B-F74701094CFA}.Release|x86.Build.0 = Release|x86
		{1553D13D-F21A-4F3E-8014-D7D48CA2C7B3}.Debug|x64.ActiveCfg = Debug|x64
		{1553D13D-F21A-4F3E-8014-D7D48CA2C7B3}.Debug|x64.Build.0 = Debug|x64
		{1553D13D-F21A-4F3E-8014-D7D48CA2C7B3}.Debug|x86.ActiveCfg = Debug|x86
		{1553D13D-F21A-4F3E-8014-D7D48CA2C7B3}.Debug|x86.Build.0 = Debug|x86
		{1553D13D-F21A-4F3E-8014-D7D48CA2C7B3}.Release|x64.ActiveCfg = Release|x64
		{1553D13D-F21A-4F3E-8014-D7D48CA2C7B3}.Release|x64.Build.0 = Release|x64
		{1553D13D-F21A-4F3E-8014-D7D48CA2C7B3}.Release|x86.ActiveCfg = Release|x86
		{1553D13D-F21A-4F3E-8014-D7D48CA2C7B3}.Release|x86.Build.0 = Release|x86
		{07BB5E1A-B86E-4F3D-BB90-B2352001A646}.Debug|x64.ActiveCfg = Debug|x86
		{07BB5E1A-B86E-4F3D-BB90-B2352001A646}.Debug|x86.ActiveCfg = Debug|x86
		{07BB5E1A-B86E-4F3D-BB90-B2352001A646}.Debug|x86.Build.0 = Debug|x86
		{07BB5E1A-B86E-4F3D-BB90-B2352001A646}.Release|x64.ActiveCfg = Release|x86
		{07BB5E1A-B86E-4F3D-BB90-B2352001A646}.Release|x86.ActiveCfg = Release|x86
		{07BB5E1A-B86E-4F3D-BB90-B2352001A646}.Release|x86.Build.0 = Release|x86
	EndGlobalSection
	GlobalSection(SolutionProperties) = preSolution
		HideSolutionNode = FALSE
	EndGlobalSection
EndGlobal
